
Microsoft Visual Studio Solution File, Format Version 12.00
# Visual Studio Version 16
VisualStudioVersion = 16.0.28803.156
MinimumVisualStudioVersion = 10.0.40219.1
Project("{2150E333-8FDC-42A3-9474-1A3956D46DE8}") = "Solution Items", "Solution Items", "{21F0CA35-9278-4340-8778-ADBDFFD99928}"
	ProjectSection(SolutionItems) = preProject
		.gitignore = .gitignore
		Directory.Build.props = Directory.Build.props
		LICENSE.txt = LICENSE.txt
		README.md = README.md
	EndProjectSection
EndProject
Project("{9A19103F-16F7-4668-BE54-9A1E7A4F7556}") = "Pretender.Core", "Pretender.Core\Pretender.Core.csproj", "{5409D4DC-E7EC-41BD-8336-67B7C16F8038}"
EndProject
Project("{9A19103F-16F7-4668-BE54-9A1E7A4F7556}") = "Pretender.Core.UnitTests", "Pretender.Core.UnitTests\Pretender.Core.UnitTests.csproj", "{759A3224-B356-45DA-89B5-99EF06FE1579}"
EndProject
Project("{9A19103F-16F7-4668-BE54-9A1E7A4F7556}") = "Pretender.Server", "Pretender.Server\Pretender.Server.csproj", "{F57BB9A7-7B1C-43E9-842A-AAF12D9154F5}"
EndProject
Project("{FAE04EC0-301F-11D3-BF4B-00C04F79EFBC}") = "Pretender.UI", "Pretender.UI\Pretender.UI.csproj", "{DBCA151B-4724-4177-8611-4271434397DA}"
EndProject
Global
	GlobalSection(SolutionConfigurationPlatforms) = preSolution
		Debug|Any CPU = Debug|Any CPU
		Release|Any CPU = Release|Any CPU
	EndGlobalSection
	GlobalSection(ProjectConfigurationPlatforms) = postSolution
		{5409D4DC-E7EC-41BD-8336-67B7C16F8038}.Debug|Any CPU.ActiveCfg = Debug|Any CPU
		{5409D4DC-E7EC-41BD-8336-67B7C16F8038}.Debug|Any CPU.Build.0 = Debug|Any CPU
		{5409D4DC-E7EC-41BD-8336-67B7C16F8038}.Release|Any CPU.ActiveCfg = Release|Any CPU
		{5409D4DC-E7EC-41BD-8336-67B7C16F8038}.Release|Any CPU.Build.0 = Release|Any CPU
		{759A3224-B356-45DA-89B5-99EF06FE1579}.Debug|Any CPU.ActiveCfg = Debug|Any CPU
		{759A3224-B356-45DA-89B5-99EF06FE1579}.Debug|Any CPU.Build.0 = Debug|Any CPU
		{759A3224-B356-45DA-89B5-99EF06FE1579}.Release|Any CPU.ActiveCfg = Release|Any CPU
		{759A3224-B356-45DA-89B5-99EF06FE1579}.Release|Any CPU.Build.0 = Release|Any CPU
		{F57BB9A7-7B1C-43E9-842A-AAF12D9154F5}.Debug|Any CPU.ActiveCfg = Debug|Any CPU
		{F57BB9A7-7B1C-43E9-842A-AAF12D9154F5}.Debug|Any CPU.Build.0 = Debug|Any CPU
		{F57BB9A7-7B1C-43E9-842A-AAF12D9154F5}.Release|Any CPU.ActiveCfg = Release|Any CPU
		{F57BB9A7-7B1C-43E9-842A-AAF12D9154F5}.Release|Any CPU.Build.0 = Release|Any CPU
		{DBCA151B-4724-4177-8611-4271434397DA}.Debug|Any CPU.ActiveCfg = Debug|Any CPU
		{DBCA151B-4724-4177-8611-4271434397DA}.Debug|Any CPU.Build.0 = Debug|Any CPU
		{DBCA151B-4724-4177-8611-4271434397DA}.Release|Any CPU.ActiveCfg = Release|Any CPU
		{DBCA151B-4724-4177-8611-4271434397DA}.Release|Any CPU.Build.0 = Release|Any CPU
	EndGlobalSection
	GlobalSection(SolutionProperties) = preSolution
		HideSolutionNode = FALSE
	EndGlobalSection
	GlobalSection(ExtensibilityGlobals) = postSolution
		SolutionGuid = {1581193F-B9FD-4E2A-BD07-4795C44C0BEE}
	EndGlobalSection
EndGlobal
